
Microsoft Visual Studio Solution File, Format Version 12.00
# Visual Studio Version 17
VisualStudioVersion = 17.4.33205.214
MinimumVisualStudioVersion = 10.0.40219.1
Project("{2150E333-8FDC-42A3-9474-1A3956D46DE8}") = "Projects", "Projects", "{F325D6B6-8209-4697-A0E1-36DFAADF27DF}"
EndProject
Project("{2150E333-8FDC-42A3-9474-1A3956D46DE8}") = "Gateway", "Gateway", "{7F9A4340-136D-495D-8E19-EA7C80E38FE6}"
EndProject
Project("{2150E333-8FDC-42A3-9474-1A3956D46DE8}") = "Microservices", "Microservices", "{0E70D939-415D-42CE-97B2-AC19247F9BD6}"
EndProject
Project("{2150E333-8FDC-42A3-9474-1A3956D46DE8}") = "Account", "Account", "{7BFDEAB0-95D2-440B-8D9E-8DF953B22FF1}"
EndProject
Project("{2150E333-8FDC-42A3-9474-1A3956D46DE8}") = "Deposit", "Deposit", "{4D3AA493-8CD9-4AD9-99FD-10B379C3F5DA}"
EndProject
Project("{2150E333-8FDC-42A3-9474-1A3956D46DE8}") = "History", "History", "{6A83BB5F-179A-4559-813A-F0C1E6A1AA91}"
EndProject
Project("{2150E333-8FDC-42A3-9474-1A3956D46DE8}") = "Notification", "Notification", "{30E9D0E6-5B9C-4C7E-8AE9-E5EEF4EF6AC2}"
EndProject
Project("{2150E333-8FDC-42A3-9474-1A3956D46DE8}") = "Security", "Security", "{6A46BF9B-C49B-462F-A61A-4353FB06C63E}"
EndProject
Project("{2150E333-8FDC-42A3-9474-1A3956D46DE8}") = "Withdrawal", "Withdrawal", "{D966158B-E8D9-4ACB-9A64-1F1270883BF1}"
EndProject
Project("{FAE04EC0-301F-11D3-BF4B-00C04F79EFBC}") = "MicroserviceArchitecture.Security", "MicroserviceArchitecture.Security\MicroserviceArchitecture.Security.csproj", "{EC00B6D8-8393-4DE5-8427-AB3F68855D0F}"
EndProject
Project("{FAE04EC0-301F-11D3-BF4B-00C04F79EFBC}") = "MicroserviceArchitecture.Account", "MicroserviceArchitecture.Account\MicroserviceArchitecture.Account.csproj", "{8A6CC415-812D-44A2-8E7E-5D06AB3EFCFA}"
EndProject
Project("{FAE04EC0-301F-11D3-BF4B-00C04F79EFBC}") = "MicroserviceArchitecture.Deposit", "MicroserviceArchitecture.Deposit\MicroserviceArchitecture.Deposit.csproj", "{5A455958-6257-4A5E-AD9A-58820F45F439}"
EndProject
Global
	GlobalSection(SolutionConfigurationPlatforms) = preSolution
		Debug|Any CPU = Debug|Any CPU
		Release|Any CPU = Release|Any CPU
	EndGlobalSection
	GlobalSection(ProjectConfigurationPlatforms) = postSolution
		{EC00B6D8-8393-4DE5-8427-AB3F68855D0F}.Debug|Any CPU.ActiveCfg = Debug|Any CPU
		{EC00B6D8-8393-4DE5-8427-AB3F68855D0F}.Debug|Any CPU.Build.0 = Debug|Any CPU
		{EC00B6D8-8393-4DE5-8427-AB3F68855D0F}.Release|Any CPU.ActiveCfg = Release|Any CPU
		{EC00B6D8-8393-4DE5-8427-AB3F68855D0F}.Release|Any CPU.Build.0 = Release|Any CPU
		{8A6CC415-812D-44A2-8E7E-5D06AB3EFCFA}.Debug|Any CPU.ActiveCfg = Debug|Any CPU
		{8A6CC415-812D-44A2-8E7E-5D06AB3EFCFA}.Debug|Any CPU.Build.0 = Debug|Any CPU
		{8A6CC415-812D-44A2-8E7E-5D06AB3EFCFA}.Release|Any CPU.ActiveCfg = Release|Any CPU
		{8A6CC415-812D-44A2-8E7E-5D06AB3EFCFA}.Release|Any CPU.Build.0 = Release|Any CPU
		{5A455958-6257-4A5E-AD9A-58820F45F439}.Debug|Any CPU.ActiveCfg = Debug|Any CPU
		{5A455958-6257-4A5E-AD9A-58820F45F439}.Debug|Any CPU.Build.0 = Debug|Any CPU
		{5A455958-6257-4A5E-AD9A-58820F45F439}.Release|Any CPU.ActiveCfg = Release|Any CPU
		{5A455958-6257-4A5E-AD9A-58820F45F439}.Release|Any CPU.Build.0 = Release|Any CPU
	EndGlobalSection
	GlobalSection(SolutionProperties) = preSolution
		HideSolutionNode = FALSE
	EndGlobalSection
	GlobalSection(NestedProjects) = preSolution
		{7F9A4340-136D-495D-8E19-EA7C80E38FE6} = {F325D6B6-8209-4697-A0E1-36DFAADF27DF}
		{0E70D939-415D-42CE-97B2-AC19247F9BD6} = {F325D6B6-8209-4697-A0E1-36DFAADF27DF}
		{7BFDEAB0-95D2-440B-8D9E-8DF953B22FF1} = {0E70D939-415D-42CE-97B2-AC19247F9BD6}
		{4D3AA493-8CD9-4AD9-99FD-10B379C3F5DA} = {0E70D939-415D-42CE-97B2-AC19247F9BD6}
		{6A83BB5F-179A-4559-813A-F0C1E6A1AA91} = {0E70D939-415D-42CE-97B2-AC19247F9BD6}
		{30E9D0E6-5B9C-4C7E-8AE9-E5EEF4EF6AC2} = {0E70D939-415D-42CE-97B2-AC19247F9BD6}
		{6A46BF9B-C49B-462F-A61A-4353FB06C63E} = {0E70D939-415D-42CE-97B2-AC19247F9BD6}
		{D966158B-E8D9-4ACB-9A64-1F1270883BF1} = {0E70D939-415D-42CE-97B2-AC19247F9BD6}
		{EC00B6D8-8393-4DE5-8427-AB3F68855D0F} = {6A46BF9B-C49B-462F-A61A-4353FB06C63E}
		{8A6CC415-812D-44A2-8E7E-5D06AB3EFCFA} = {7BFDEAB0-95D2-440B-8D9E-8DF953B22FF1}
		{5A455958-6257-4A5E-AD9A-58820F45F439} = {4D3AA493-8CD9-4AD9-99FD-10B379C3F5DA}
	EndGlobalSection
	GlobalSection(ExtensibilityGlobals) = postSolution
		SolutionGuid = {CEC0E225-D1C1-4ED9-ADF2-CF28B6C5010A}
	EndGlobalSection
EndGlobal
